
Microsoft Visual Studio Solution File, Format Version 11.00
# Visual Studio 2010
Project("{FAE04EC0-301F-11D3-BF4B-00C04F79EFBC}") = "rtcwContent", "rtcw\rtcwContent\rtcwContent.contentproj", "{02ADCFCE-27D6-48FB-B5FE-3B6016BB139C}"
EndProject
Project("{FAE04EC0-301F-11D3-BF4B-00C04F79EFBC}") = "idLibwp7", "idLib\idLibwp7.csproj", "{138BF75B-C555-4841-8238-031B0F45F710}"
EndProject
Project("{FAE04EC0-301F-11D3-BF4B-00C04F79EFBC}") = "rtcwwp7", "rtcw\rtcw\rtcwwp7.csproj", "{799151DD-8AC8-4D77-B7C1-3C7A10408D0C}"
	ProjectSection(ProjectDependencies) = postProject
		{844AD023-B4B7-4A8A-A88F-E017EC461975} = {844AD023-B4B7-4A8A-A88F-E017EC461975}
		{747F15BD-145D-4CC0-BCC7-55EE7387CD95} = {747F15BD-145D-4CC0-BCC7-55EE7387CD95}
		{75B439D3-13F3-4800-9564-8AC744E82BB8} = {75B439D3-13F3-4800-9564-8AC744E82BB8}
	EndProjectSection
EndProject
Project("{FAE04EC0-301F-11D3-BF4B-00C04F79EFBC}") = "cgamewp7", "cgame\cgamewp7.csproj", "{844AD023-B4B7-4A8A-A88F-E017EC461975}"
EndProject
Project("{FAE04EC0-301F-11D3-BF4B-00C04F79EFBC}") = "gamewp7", "Game\gamewp7.csproj", "{747F15BD-145D-4CC0-BCC7-55EE7387CD95}"
EndProject
Project("{FAE04EC0-301F-11D3-BF4B-00C04F79EFBC}") = "uiwp7", "ui\uiwp7.csproj", "{75B439D3-13F3-4800-9564-8AC744E82BB8}"
EndProject
Global
	GlobalSection(SolutionConfigurationPlatforms) = preSolution
		Debug|Any CPU = Debug|Any CPU
		Debug|Mixed Platforms = Debug|Mixed Platforms
		Debug|Windows Phone = Debug|Windows Phone
		Debug|x86 = Debug|x86
		Debug|Xbox 360 = Debug|Xbox 360
		Release|Any CPU = Release|Any CPU
		Release|Mixed Platforms = Release|Mixed Platforms
		Release|Windows Phone = Release|Windows Phone
		Release|x86 = Release|x86
		Release|Xbox 360 = Release|Xbox 360
	EndGlobalSection
	GlobalSection(ProjectConfigurationPlatforms) = postSolution
		{02ADCFCE-27D6-48FB-B5FE-3B6016BB139C}.Debug|Any CPU.ActiveCfg = Debug|x86
		{02ADCFCE-27D6-48FB-B5FE-3B6016BB139C}.Debug|Mixed Platforms.ActiveCfg = Debug|x86
		{02ADCFCE-27D6-48FB-B5FE-3B6016BB139C}.Debug|Windows Phone.ActiveCfg = Debug|x86
		{02ADCFCE-27D6-48FB-B5FE-3B6016BB139C}.Debug|x86.ActiveCfg = Debug|x86
		{02ADCFCE-27D6-48FB-B5FE-3B6016BB139C}.Debug|Xbox 360.ActiveCfg = Debug|x86
		{02ADCFCE-27D6-48FB-B5FE-3B6016BB139C}.Release|Any CPU.ActiveCfg = Release|x86
		{02ADCFCE-27D6-48FB-B5FE-3B6016BB139C}.Release|Mixed Platforms.ActiveCfg = Release|x86
		{02ADCFCE-27D6-48FB-B5FE-3B6016BB139C}.Release|Windows Phone.ActiveCfg = Release|x86
		{02ADCFCE-27D6-48FB-B5FE-3B6016BB139C}.Release|x86.ActiveCfg = Release|x86
		{02ADCFCE-27D6-48FB-B5FE-3B6016BB139C}.Release|Xbox 360.ActiveCfg = Release|x86
		{138BF75B-C555-4841-8238-031B0F45F710}.Debug|Any CPU.ActiveCfg = Debug|Windows Phone
		{138BF75B-C555-4841-8238-031B0F45F710}.Debug|Mixed Platforms.ActiveCfg = Debug|Windows Phone
		{138BF75B-C555-4841-8238-031B0F45F710}.Debug|Mixed Platforms.Build.0 = Debug|Windows Phone
		{138BF75B-C555-4841-8238-031B0F45F710}.Debug|Windows Phone.ActiveCfg = Debug|Windows Phone
		{138BF75B-C555-4841-8238-031B0F45F710}.Debug|Windows Phone.Build.0 = Debug|Windows Phone
		{138BF75B-C555-4841-8238-031B0F45F710}.Debug|x86.ActiveCfg = Debug|Windows Phone
		{138BF75B-C555-4841-8238-031B0F45F710}.Debug|Xbox 360.ActiveCfg = Debug|Windows Phone
		{138BF75B-C555-4841-8238-031B0F45F710}.Release|Any CPU.ActiveCfg = Release|Windows Phone
		{138BF75B-C555-4841-8238-031B0F45F710}.Release|Mixed Platforms.ActiveCfg = Release|Windows Phone
		{138BF75B-C555-4841-8238-031B0F45F710}.Release|Mixed Platforms.Build.0 = Release|Windows Phone
		{138BF75B-C555-4841-8238-031B0F45F710}.Release|Windows Phone.ActiveCfg = Release|Windows Phone
		{138BF75B-C555-4841-8238-031B0F45F710}.Release|Windows Phone.Build.0 = Release|Windows Phone
		{138BF75B-C555-4841-8238-031B0F45F710}.Release|x86.ActiveCfg = Release|Windows Phone
		{138BF75B-C555-4841-8238-031B0F45F710}.Release|Xbox 360.ActiveCfg = Release|Windows Phone
		{799151DD-8AC8-4D77-B7C1-3C7A10408D0C}.Debug|Any CPU.ActiveCfg = Debug|Windows Phone
		{799151DD-8AC8-4D77-B7C1-3C7A10408D0C}.Debug|Mixed Platforms.ActiveCfg = Debug|Windows Phone
		{799151DD-8AC8-4D77-B7C1-3C7A10408D0C}.Debug|Mixed Platforms.Build.0 = Debug|Windows Phone
		{799151DD-8AC8-4D77-B7C1-3C7A10408D0C}.Debug|Mixed Platforms.Deploy.0 = Debug|Windows Phone
		{799151DD-8AC8-4D77-B7C1-3C7A10408D0C}.Debug|Windows Phone.ActiveCfg = Debug|Windows Phone
		{799151DD-8AC8-4D77-B7C1-3C7A10408D0C}.Debug|Windows Phone.Build.0 = Debug|Windows Phone
		{799151DD-8AC8-4D77-B7C1-3C7A10408D0C}.Debug|Windows Phone.Deploy.0 = Debug|Windows Phone
		{799151DD-8AC8-4D77-B7C1-3C7A10408D0C}.Debug|x86.ActiveCfg = Debug|Windows Phone
		{799151DD-8AC8-4D77-B7C1-3C7A10408D0C}.Debug|Xbox 360.ActiveCfg = Debug|Windows Phone
		{799151DD-8AC8-4D77-B7C1-3C7A10408D0C}.Release|Any CPU.ActiveCfg = Release|Windows Phone
		{799151DD-8AC8-4D77-B7C1-3C7A10408D0C}.Release|Mixed Platforms.ActiveCfg = Release|Windows Phone
		{799151DD-8AC8-4D77-B7C1-3C7A10408D0C}.Release|Mixed Platforms.Build.0 = Release|Windows Phone
		{799151DD-8AC8-4D77-B7C1-3C7A10408D0C}.Release|Mixed Platforms.Deploy.0 = Release|Windows Phone
		{799151DD-8AC8-4D77-B7C1-3C7A10408D0C}.Release|Windows Phone.ActiveCfg = Release|Windows Phone
		{799151DD-8AC8-4D77-B7C1-3C7A10408D0C}.Release|Windows Phone.Build.0 = Release|Windows Phone
		{799151DD-8AC8-4D77-B7C1-3C7A10408D0C}.Release|Windows Phone.Deploy.0 = Release|Windows Phone
		{799151DD-8AC8-4D77-B7C1-3C7A10408D0C}.Release|x86.ActiveCfg = Release|Windows Phone
		{799151DD-8AC8-4D77-B7C1-3C7A10408D0C}.Release|Xbox 360.ActiveCfg = Release|Windows Phone
		{844AD023-B4B7-4A8A-A88F-E017EC461975}.Debug|Any CPU.ActiveCfg = Debug|Windows Phone
		{844AD023-B4B7-4A8A-A88F-E017EC461975}.Debug|Mixed Platforms.ActiveCfg = Debug|Windows Phone
		{844AD023-B4B7-4A8A-A88F-E017EC461975}.Debug|Mixed Platforms.Build.0 = Debug|Windows Phone
		{844AD023-B4B7-4A8A-A88F-E017EC461975}.Debug|Windows Phone.ActiveCfg = Debug|Windows Phone
		{844AD023-B4B7-4A8A-A88F-E017EC461975}.Debug|Windows Phone.Build.0 = Debug|Windows Phone
		{844AD023-B4B7-4A8A-A88F-E017EC461975}.Debug|x86.ActiveCfg = Debug|Windows Phone
		{844AD023-B4B7-4A8A-A88F-E017EC461975}.Debug|Xbox 360.ActiveCfg = Debug|Windows Phone
		{844AD023-B4B7-4A8A-A88F-E017EC461975}.Release|Any CPU.ActiveCfg = Release|Windows Phone
		{844AD023-B4B7-4A8A-A88F-E017EC461975}.Release|Mixed Platforms.ActiveCfg = Release|Windows Phone
		{844AD023-B4B7-4A8A-A88F-E017EC461975}.Release|Mixed Platforms.Build.0 = Release|Windows Phone
		{844AD023-B4B7-4A8A-A88F-E017EC461975}.Release|Windows Phone.ActiveCfg = Release|Windows Phone
		{844AD023-B4B7-4A8A-A88F-E017EC461975}.Release|Windows Phone.Build.0 = Release|Windows Phone
		{844AD023-B4B7-4A8A-A88F-E017EC461975}.Release|x86.ActiveCfg = Release|Windows Phone
		{844AD023-B4B7-4A8A-A88F-E017EC461975}.Release|Xbox 360.ActiveCfg = Release|Windows Phone
		{747F15BD-145D-4CC0-BCC7-55EE7387CD95}.Debug|Any CPU.ActiveCfg = Debug|Windows Phone
		{747F15BD-145D-4CC0-BCC7-55EE7387CD95}.Debug|Mixed Platforms.ActiveCfg = Debug|Windows Phone
		{747F15BD-145D-4CC0-BCC7-55EE7387CD95}.Debug|Mixed Platforms.Build.0 = Debug|Windows Phone
		{747F15BD-145D-4CC0-BCC7-55EE7387CD95}.Debug|Windows Phone.ActiveCfg = Debug|Windows Phone
		{747F15BD-145D-4CC0-BCC7-55EE7387CD95}.Debug|Windows Phone.Build.0 = Debug|Windows Phone
		{747F15BD-145D-4CC0-BCC7-55EE7387CD95}.Debug|x86.ActiveCfg = Debug|Windows Phone
		{747F15BD-145D-4CC0-BCC7-55EE7387CD95}.Debug|Xbox 360.ActiveCfg = Debug|Windows Phone
		{747F15BD-145D-4CC0-BCC7-55EE7387CD95}.Release|Any CPU.ActiveCfg = Release|Windows Phone
		{747F15BD-145D-4CC0-BCC7-55EE7387CD95}.Release|Mixed Platforms.ActiveCfg = Release|Windows Phone
		{747F15BD-145D-4CC0-BCC7-55EE7387CD95}.Release|Mixed Platforms.Build.0 = Release|Windows Phone
		{747F15BD-145D-4CC0-BCC7-55EE7387CD95}.Release|Windows Phone.ActiveCfg = Release|Windows Phone
		{747F15BD-145D-4CC0-BCC7-55EE7387CD95}.Release|Windows Phone.Build.0 = Release|Windows Phone
		{747F15BD-145D-4CC0-BCC7-55EE7387CD95}.Release|x86.ActiveCfg = Release|Windows Phone
		{747F15BD-145D-4CC0-BCC7-55EE7387CD95}.Release|Xbox 360.ActiveCfg = Release|Windows Phone
		{75B439D3-13F3-4800-9564-8AC744E82BB8}.Debug|Any CPU.ActiveCfg = Debug|Windows Phone
		{75B439D3-13F3-4800-9564-8AC744E82BB8}.Debug|Mixed Platforms.ActiveCfg = Debug|Windows Phone
		{75B439D3-13F3-4800-9564-8AC744E82BB8}.Debug|Mixed Platforms.Build.0 = Debug|Windows Phone
		{75B439D3-13F3-4800-9564-8AC744E82BB8}.Debug|Windows Phone.ActiveCfg = Debug|Windows Phone
		{75B439D3-13F3-4800-9564-8AC744E82BB8}.Debug|Windows Phone.Build.0 = Debug|Windows Phone
		{75B439D3-13F3-4800-9564-8AC744E82BB8}.Debug|x86.ActiveCfg = Debug|Windows Phone
		{75B439D3-13F3-4800-9564-8AC744E82BB8}.Debug|Xbox 360.ActiveCfg = Debug|Windows Phone
		{75B439D3-13F3-4800-9564-8AC744E82BB8}.Release|Any CPU.ActiveCfg = Release|Windows Phone
		{75B439D3-13F3-4800-9564-8AC744E82BB8}.Release|Mixed Platforms.ActiveCfg = Release|Windows Phone
		{75B439D3-13F3-4800-9564-8AC744E82BB8}.Release|Mixed Platforms.Build.0 = Release|Windows Phone
		{75B439D3-13F3-4800-9564-8AC744E82BB8}.Release|Windows Phone.ActiveCfg = Release|Windows Phone
		{75B439D3-13F3-4800-9564-8AC744E82BB8}.Release|Windows Phone.Build.0 = Release|Windows Phone
		{75B439D3-13F3-4800-9564-8AC744E82BB8}.Release|x86.ActiveCfg = Release|Windows Phone
		{75B439D3-13F3-4800-9564-8AC744E82BB8}.Release|Xbox 360.ActiveCfg = Release|Windows Phone
	EndGlobalSection
	GlobalSection(SolutionProperties) = preSolution
		HideSolutionNode = FALSE
	EndGlobalSection
EndGlobal
